
Microsoft Visual Studio Solution File, Format Version 12.00
# Visual Studio Version 17
VisualStudioVersion = 17.0.31903.59
MinimumVisualStudioVersion = 10.0.40219.1
Project("{9A19103F-16F7-4668-BE54-9A1E7A4F7556}") = "TravelCompanion.Bootstrapper", "src\Bootstrapper\TravelCompanion.Bootstrapper\TravelCompanion.Bootstrapper.csproj", "{24F603FD-B86F-4C38-8365-B4CCB91AA179}"
EndProject
Project("{2150E333-8FDC-42A3-9474-1A3956D46DE8}") = "src", "src", "{DD3A7766-5710-4D8B-BB20-C1621F573C4C}"
EndProject
Project("{2150E333-8FDC-42A3-9474-1A3956D46DE8}") = "Bootstrapper", "Bootstrapper", "{0C7671AE-F8C4-415D-9D3E-D2CA84D32305}"
EndProject
Project("{2150E333-8FDC-42A3-9474-1A3956D46DE8}") = "Modules", "Modules", "{71FC9C2B-EBB9-4069-8FBB-357E01A67EB2}"
EndProject
Project("{2150E333-8FDC-42A3-9474-1A3956D46DE8}") = "Shared", "Shared", "{3E73D593-7575-4935-B77C-0871B3C9E6F5}"
EndProject
Project("{9A19103F-16F7-4668-BE54-9A1E7A4F7556}") = "TravelCompanion.Shared.Abstractions", "src\Shared\TravelCompanion.Shared.Abstractions\TravelCompanion.Shared.Abstractions.csproj", "{62F5E18C-ACEF-46AA-9920-2BD5318048A4}"
EndProject
Project("{9A19103F-16F7-4668-BE54-9A1E7A4F7556}") = "TravelCompanion.Shared.Infrastructure", "src\Shared\TravelCompanion.Shared.Infrastructure\TravelCompanion.Shared.Infrastructure.csproj", "{46F4B874-F5A5-48A0-BCAE-4A2256F8887E}"
EndProject
Project("{2150E333-8FDC-42A3-9474-1A3956D46DE8}") = "Users", "Users", "{62E9A5D8-448F-490B-B965-C3E4B068D6EF}"
EndProject
Project("{9A19103F-16F7-4668-BE54-9A1E7A4F7556}") = "TravelCompanion.Modules.Users.Api", "src\Modules\Users\TravelCompanion.Modules.Users.Api\TravelCompanion.Modules.Users.Api.csproj", "{1DA45336-0E80-455B-B2E6-BEB62877A25A}"
EndProject
Project("{9A19103F-16F7-4668-BE54-9A1E7A4F7556}") = "TravelCompanion.Modules.Users.Core", "src\Modules\Users\TravelCompanion.Modules.Users.Core\TravelCompanion.Modules.Users.Core.csproj", "{440F6A1A-15FE-4AE1-9E56-CEF3B7727F15}"
EndProject
Project("{2150E333-8FDC-42A3-9474-1A3956D46DE8}") = "Travels", "Travels", "{9C58D47B-489C-4FE1-9D15-2F5607B13231}"
EndProject
Project("{9A19103F-16F7-4668-BE54-9A1E7A4F7556}") = "TravelCompanion.Modules.Travels.Api", "src\Modules\Travels\TravelCompanion.Modules.Travels.Api\TravelCompanion.Modules.Travels.Api.csproj", "{D371B607-CA88-4305-8C28-1FFCA12BC0D9}"
EndProject
Project("{9A19103F-16F7-4668-BE54-9A1E7A4F7556}") = "TravelCompanion.Modules.Travels.Core", "src\Modules\Travels\TravelCompanion.Modules.Travels.Core\TravelCompanion.Modules.Travels.Core.csproj", "{639F0ADC-AD8C-44BF-9FAA-1FBA2B4C4664}"
EndProject
Project("{2150E333-8FDC-42A3-9474-1A3956D46DE8}") = "Travels", "Travels", "{69B8FC61-83F1-4201-847C-7CF4B6B9C2A0}"
EndProject
Project("{2150E333-8FDC-42A3-9474-1A3956D46DE8}") = "TravelPlans", "TravelPlans", "{52A18048-B7D5-4936-B26F-D93CF0CF8070}"
EndProject
Project("{9A19103F-16F7-4668-BE54-9A1E7A4F7556}") = "TravelCompanion.Modules.TravelPlans.Domain", "src\Modules\TravelPlans\TravelCompanion.Modules.TravelPlans.Domain\TravelCompanion.Modules.TravelPlans.Domain.csproj", "{7E8C85CA-9A58-40B3-A8AC-D7282C82CA21}"
EndProject
Project("{9A19103F-16F7-4668-BE54-9A1E7A4F7556}") = "TravelCompanion.Modules.TravelPlans.Api", "src\Modules\TravelPlans\TravelCompanion.Modules.TravelPlans.Api\TravelCompanion.Modules.TravelPlans.Api.csproj", "{D51171A3-0EEC-4C93-B146-6C68F71F4A72}"
EndProject
Project("{9A19103F-16F7-4668-BE54-9A1E7A4F7556}") = "TravelCompanion.Modules.TravelPlans.Infrastructure", "src\Modules\TravelPlans\TravelCompanion.Modules.TravelPlans.Infrastructure\TravelCompanion.Modules.TravelPlans.Infrastructure.csproj", "{F0FD40F9-9D67-4B80-B12B-B8901A987096}"
EndProject
Project("{9A19103F-16F7-4668-BE54-9A1E7A4F7556}") = "TravelCompanion.Modules.TravelPlans.Application", "src\Modules\TravelPlans\TravelCompanion.Modules.TravelPlans.Application\TravelCompanion.Modules.TravelPlans.Application.csproj", "{5A4FEC4B-7C2C-402D-9DA9-549BB94DD2CC}"
EndProject
Project("{9A19103F-16F7-4668-BE54-9A1E7A4F7556}") = "TravelCompanion.Modules.Users.Shared", "src\Modules\Users\TravelCompanion.Modules.Users.Shared\TravelCompanion.Modules.Users.Shared.csproj", "{06309B48-8908-499A-9C92-BF21E9D5DDB5}"
EndProject
Project("{9A19103F-16F7-4668-BE54-9A1E7A4F7556}") = "TravelCompanion.Modules.TravelPlans.Shared", "src\Modules\TravelPlans\TravelCompanion.Modules.TravelPlans.Shared\TravelCompanion.Modules.TravelPlans.Shared.csproj", "{70660C20-E206-417A-91B4-2B010E9DAA9F}"
EndProject
Project("{9A19103F-16F7-4668-BE54-9A1E7A4F7556}") = "TravelCompanion.Modules.TravelPlans.Tests.Unit", "tests\Modules\TravelPlans\TravelCompanion.Modules.TravelPlans.Tests.Unit\TravelCompanion.Modules.TravelPlans.Tests.Unit.csproj", "{DE06DC86-C306-4474-9D0A-6E3CE334F6A2}"
EndProject
Project("{9A19103F-16F7-4668-BE54-9A1E7A4F7556}") = "TravelCompanion.Modules.Travels.Shared", "src\Modules\Travels\TravelCompanion.Modules.Travels.Shared\TravelCompanion.Modules.Travels.Shared.csproj", "{6412BDE6-BDA6-46AC-9619-EA3FEB95E1D8}"
EndProject
Project("{2150E333-8FDC-42A3-9474-1A3956D46DE8}") = "Emails", "Emails", "{94454BD5-BE03-4083-9FE4-AD65EBA386A3}"
EndProject
Project("{9A19103F-16F7-4668-BE54-9A1E7A4F7556}") = "TravelCompanion.Modules.Emails.Api", "src\Modules\Emails\TravelCompanion.Modules.Emails.Api\TravelCompanion.Modules.Emails.Api.csproj", "{34069662-6766-45E5-BD02-7BBC154005DA}"
EndProject
Project("{9A19103F-16F7-4668-BE54-9A1E7A4F7556}") = "TravelCompanion.Modules.Emails.Core", "src\Modules\Emails\TravelCompanion.Modules.Emails.Core\TravelCompanion.Modules.Emails.Core.csproj", "{44FC732B-411B-4D0D-B76B-F47C2015B199}"
EndProject
Project("{2150E333-8FDC-42A3-9474-1A3956D46DE8}") = "Payments", "Payments", "{5B72FF08-AD8F-4485-8B47-3417051E4040}"
EndProject
Project("{FAE04EC0-301F-11D3-BF4B-00C04F79EFBC}") = "TravelCompanion.Modules.Payments.Api", "src\Modules\Payments\TravelCompanion.Modules.Payments.Api\TravelCompanion.Modules.Payments.Api.csproj", "{E20329D0-028A-4486-B02B-BC4896337691}"
EndProject
Project("{FAE04EC0-301F-11D3-BF4B-00C04F79EFBC}") = "TravelCompanion.Modules.Payments.Application", "src\Modules\Payments\TravelCompanion.Modules.Payments.Application\TravelCompanion.Modules.Payments.Application.csproj", "{A107EC8D-22DD-4090-8894-E57241D2ADFE}"
EndProject
Project("{FAE04EC0-301F-11D3-BF4B-00C04F79EFBC}") = "TravelCompanion.Modules.Payments.Domain", "src\Modules\Payments\TravelCompanion.Modules.Payments.Domain\TravelCompanion.Modules.Payments.Domain.csproj", "{F769364E-0827-465A-9D4A-A9B5CDF808F2}"
EndProject
Project("{FAE04EC0-301F-11D3-BF4B-00C04F79EFBC}") = "TravelCompanion.Modules.Payments.Infrastructure", "src\Modules\Payments\TravelCompanion.Modules.Payments.Infrastructure\TravelCompanion.Modules.Payments.Infrastructure.csproj", "{8DF87F0C-00E7-445B-B48B-A40C519BB347}"
EndProject
Project("{E53339B2-1760-4266-BCC7-CA923CBCF16C}") = "docker-compose", "docker-compose.dcproj", "{7CFA3AE6-996C-4192-A75C-37962976E322}"
EndProject
Global
	GlobalSection(SolutionConfigurationPlatforms) = preSolution
		Debug|Any CPU = Debug|Any CPU
		Release|Any CPU = Release|Any CPU
	EndGlobalSection
	GlobalSection(ProjectConfigurationPlatforms) = postSolution
		{24F603FD-B86F-4C38-8365-B4CCB91AA179}.Debug|Any CPU.ActiveCfg = Debug|Any CPU
		{24F603FD-B86F-4C38-8365-B4CCB91AA179}.Debug|Any CPU.Build.0 = Debug|Any CPU
		{24F603FD-B86F-4C38-8365-B4CCB91AA179}.Release|Any CPU.ActiveCfg = Release|Any CPU
		{24F603FD-B86F-4C38-8365-B4CCB91AA179}.Release|Any CPU.Build.0 = Release|Any CPU
		{62F5E18C-ACEF-46AA-9920-2BD5318048A4}.Debug|Any CPU.ActiveCfg = Debug|Any CPU
		{62F5E18C-ACEF-46AA-9920-2BD5318048A4}.Debug|Any CPU.Build.0 = Debug|Any CPU
		{62F5E18C-ACEF-46AA-9920-2BD5318048A4}.Release|Any CPU.ActiveCfg = Release|Any CPU
		{62F5E18C-ACEF-46AA-9920-2BD5318048A4}.Release|Any CPU.Build.0 = Release|Any CPU
		{46F4B874-F5A5-48A0-BCAE-4A2256F8887E}.Debug|Any CPU.ActiveCfg = Debug|Any CPU
		{46F4B874-F5A5-48A0-BCAE-4A2256F8887E}.Debug|Any CPU.Build.0 = Debug|Any CPU
		{46F4B874-F5A5-48A0-BCAE-4A2256F8887E}.Release|Any CPU.ActiveCfg = Release|Any CPU
		{46F4B874-F5A5-48A0-BCAE-4A2256F8887E}.Release|Any CPU.Build.0 = Release|Any CPU
		{1DA45336-0E80-455B-B2E6-BEB62877A25A}.Debug|Any CPU.ActiveCfg = Debug|Any CPU
		{1DA45336-0E80-455B-B2E6-BEB62877A25A}.Debug|Any CPU.Build.0 = Debug|Any CPU
		{1DA45336-0E80-455B-B2E6-BEB62877A25A}.Release|Any CPU.ActiveCfg = Release|Any CPU
		{1DA45336-0E80-455B-B2E6-BEB62877A25A}.Release|Any CPU.Build.0 = Release|Any CPU
		{440F6A1A-15FE-4AE1-9E56-CEF3B7727F15}.Debug|Any CPU.ActiveCfg = Debug|Any CPU
		{440F6A1A-15FE-4AE1-9E56-CEF3B7727F15}.Debug|Any CPU.Build.0 = Debug|Any CPU
		{440F6A1A-15FE-4AE1-9E56-CEF3B7727F15}.Release|Any CPU.ActiveCfg = Release|Any CPU
		{440F6A1A-15FE-4AE1-9E56-CEF3B7727F15}.Release|Any CPU.Build.0 = Release|Any CPU
		{D371B607-CA88-4305-8C28-1FFCA12BC0D9}.Debug|Any CPU.ActiveCfg = Debug|Any CPU
		{D371B607-CA88-4305-8C28-1FFCA12BC0D9}.Debug|Any CPU.Build.0 = Debug|Any CPU
		{D371B607-CA88-4305-8C28-1FFCA12BC0D9}.Release|Any CPU.ActiveCfg = Release|Any CPU
		{D371B607-CA88-4305-8C28-1FFCA12BC0D9}.Release|Any CPU.Build.0 = Release|Any CPU
		{639F0ADC-AD8C-44BF-9FAA-1FBA2B4C4664}.Debug|Any CPU.ActiveCfg = Debug|Any CPU
		{639F0ADC-AD8C-44BF-9FAA-1FBA2B4C4664}.Debug|Any CPU.Build.0 = Debug|Any CPU
		{639F0ADC-AD8C-44BF-9FAA-1FBA2B4C4664}.Release|Any CPU.ActiveCfg = Release|Any CPU
		{639F0ADC-AD8C-44BF-9FAA-1FBA2B4C4664}.Release|Any CPU.Build.0 = Release|Any CPU
		{7E8C85CA-9A58-40B3-A8AC-D7282C82CA21}.Debug|Any CPU.ActiveCfg = Debug|Any CPU
		{7E8C85CA-9A58-40B3-A8AC-D7282C82CA21}.Debug|Any CPU.Build.0 = Debug|Any CPU
		{7E8C85CA-9A58-40B3-A8AC-D7282C82CA21}.Release|Any CPU.ActiveCfg = Release|Any CPU
		{7E8C85CA-9A58-40B3-A8AC-D7282C82CA21}.Release|Any CPU.Build.0 = Release|Any CPU
		{D51171A3-0EEC-4C93-B146-6C68F71F4A72}.Debug|Any CPU.ActiveCfg = Debug|Any CPU
		{D51171A3-0EEC-4C93-B146-6C68F71F4A72}.Debug|Any CPU.Build.0 = Debug|Any CPU
		{D51171A3-0EEC-4C93-B146-6C68F71F4A72}.Release|Any CPU.ActiveCfg = Release|Any CPU
		{D51171A3-0EEC-4C93-B146-6C68F71F4A72}.Release|Any CPU.Build.0 = Release|Any CPU
		{F0FD40F9-9D67-4B80-B12B-B8901A987096}.Debug|Any CPU.ActiveCfg = Debug|Any CPU
		{F0FD40F9-9D67-4B80-B12B-B8901A987096}.Debug|Any CPU.Build.0 = Debug|Any CPU
		{F0FD40F9-9D67-4B80-B12B-B8901A987096}.Release|Any CPU.ActiveCfg = Release|Any CPU
		{F0FD40F9-9D67-4B80-B12B-B8901A987096}.Release|Any CPU.Build.0 = Release|Any CPU
		{5A4FEC4B-7C2C-402D-9DA9-549BB94DD2CC}.Debug|Any CPU.ActiveCfg = Debug|Any CPU
		{5A4FEC4B-7C2C-402D-9DA9-549BB94DD2CC}.Debug|Any CPU.Build.0 = Debug|Any CPU
		{5A4FEC4B-7C2C-402D-9DA9-549BB94DD2CC}.Release|Any CPU.ActiveCfg = Release|Any CPU
		{5A4FEC4B-7C2C-402D-9DA9-549BB94DD2CC}.Release|Any CPU.Build.0 = Release|Any CPU
		{06309B48-8908-499A-9C92-BF21E9D5DDB5}.Debug|Any CPU.ActiveCfg = Debug|Any CPU
		{06309B48-8908-499A-9C92-BF21E9D5DDB5}.Debug|Any CPU.Build.0 = Debug|Any CPU
		{06309B48-8908-499A-9C92-BF21E9D5DDB5}.Release|Any CPU.ActiveCfg = Release|Any CPU
		{06309B48-8908-499A-9C92-BF21E9D5DDB5}.Release|Any CPU.Build.0 = Release|Any CPU
		{70660C20-E206-417A-91B4-2B010E9DAA9F}.Debug|Any CPU.ActiveCfg = Debug|Any CPU
		{70660C20-E206-417A-91B4-2B010E9DAA9F}.Debug|Any CPU.Build.0 = Debug|Any CPU
		{70660C20-E206-417A-91B4-2B010E9DAA9F}.Release|Any CPU.ActiveCfg = Release|Any CPU
		{70660C20-E206-417A-91B4-2B010E9DAA9F}.Release|Any CPU.Build.0 = Release|Any CPU
		{DE06DC86-C306-4474-9D0A-6E3CE334F6A2}.Debug|Any CPU.ActiveCfg = Debug|Any CPU
		{DE06DC86-C306-4474-9D0A-6E3CE334F6A2}.Debug|Any CPU.Build.0 = Debug|Any CPU
		{DE06DC86-C306-4474-9D0A-6E3CE334F6A2}.Release|Any CPU.ActiveCfg = Release|Any CPU
		{DE06DC86-C306-4474-9D0A-6E3CE334F6A2}.Release|Any CPU.Build.0 = Release|Any CPU
		{6412BDE6-BDA6-46AC-9619-EA3FEB95E1D8}.Debug|Any CPU.ActiveCfg = Debug|Any CPU
		{6412BDE6-BDA6-46AC-9619-EA3FEB95E1D8}.Debug|Any CPU.Build.0 = Debug|Any CPU
		{6412BDE6-BDA6-46AC-9619-EA3FEB95E1D8}.Release|Any CPU.ActiveCfg = Release|Any CPU
		{6412BDE6-BDA6-46AC-9619-EA3FEB95E1D8}.Release|Any CPU.Build.0 = Release|Any CPU
		{34069662-6766-45E5-BD02-7BBC154005DA}.Debug|Any CPU.ActiveCfg = Debug|Any CPU
		{34069662-6766-45E5-BD02-7BBC154005DA}.Debug|Any CPU.Build.0 = Debug|Any CPU
		{34069662-6766-45E5-BD02-7BBC154005DA}.Release|Any CPU.ActiveCfg = Release|Any CPU
		{34069662-6766-45E5-BD02-7BBC154005DA}.Release|Any CPU.Build.0 = Release|Any CPU
		{44FC732B-411B-4D0D-B76B-F47C2015B199}.Debug|Any CPU.ActiveCfg = Debug|Any CPU
		{44FC732B-411B-4D0D-B76B-F47C2015B199}.Debug|Any CPU.Build.0 = Debug|Any CPU
		{44FC732B-411B-4D0D-B76B-F47C2015B199}.Release|Any CPU.ActiveCfg = Release|Any CPU
		{44FC732B-411B-4D0D-B76B-F47C2015B199}.Release|Any CPU.Build.0 = Release|Any CPU
		{E20329D0-028A-4486-B02B-BC4896337691}.Debug|Any CPU.ActiveCfg = Debug|Any CPU
		{E20329D0-028A-4486-B02B-BC4896337691}.Debug|Any CPU.Build.0 = Debug|Any CPU
		{E20329D0-028A-4486-B02B-BC4896337691}.Release|Any CPU.ActiveCfg = Release|Any CPU
		{E20329D0-028A-4486-B02B-BC4896337691}.Release|Any CPU.Build.0 = Release|Any CPU
		{A107EC8D-22DD-4090-8894-E57241D2ADFE}.Debug|Any CPU.ActiveCfg = Debug|Any CPU
		{A107EC8D-22DD-4090-8894-E57241D2ADFE}.Debug|Any CPU.Build.0 = Debug|Any CPU
		{A107EC8D-22DD-4090-8894-E57241D2ADFE}.Release|Any CPU.ActiveCfg = Release|Any CPU
		{A107EC8D-22DD-4090-8894-E57241D2ADFE}.Release|Any CPU.Build.0 = Release|Any CPU
		{F769364E-0827-465A-9D4A-A9B5CDF808F2}.Debug|Any CPU.ActiveCfg = Debug|Any CPU
		{F769364E-0827-465A-9D4A-A9B5CDF808F2}.Debug|Any CPU.Build.0 = Debug|Any CPU
		{F769364E-0827-465A-9D4A-A9B5CDF808F2}.Release|Any CPU.ActiveCfg = Release|Any CPU
		{F769364E-0827-465A-9D4A-A9B5CDF808F2}.Release|Any CPU.Build.0 = Release|Any CPU
		{8DF87F0C-00E7-445B-B48B-A40C519BB347}.Debug|Any CPU.ActiveCfg = Debug|Any CPU
		{8DF87F0C-00E7-445B-B48B-A40C519BB347}.Debug|Any CPU.Build.0 = Debug|Any CPU
		{8DF87F0C-00E7-445B-B48B-A40C519BB347}.Release|Any CPU.ActiveCfg = Release|Any CPU
		{8DF87F0C-00E7-445B-B48B-A40C519BB347}.Release|Any CPU.Build.0 = Release|Any CPU
		{7CFA3AE6-996C-4192-A75C-37962976E322}.Debug|Any CPU.ActiveCfg = Debug|Any CPU
		{7CFA3AE6-996C-4192-A75C-37962976E322}.Debug|Any CPU.Build.0 = Debug|Any CPU
		{7CFA3AE6-996C-4192-A75C-37962976E322}.Release|Any CPU.ActiveCfg = Release|Any CPU
		{7CFA3AE6-996C-4192-A75C-37962976E322}.Release|Any CPU.Build.0 = Release|Any CPU
	EndGlobalSection
	GlobalSection(SolutionProperties) = preSolution
		HideSolutionNode = FALSE
	EndGlobalSection
	GlobalSection(NestedProjects) = preSolution
		{24F603FD-B86F-4C38-8365-B4CCB91AA179} = {0C7671AE-F8C4-415D-9D3E-D2CA84D32305}
		{0C7671AE-F8C4-415D-9D3E-D2CA84D32305} = {DD3A7766-5710-4D8B-BB20-C1621F573C4C}
		{71FC9C2B-EBB9-4069-8FBB-357E01A67EB2} = {DD3A7766-5710-4D8B-BB20-C1621F573C4C}
		{3E73D593-7575-4935-B77C-0871B3C9E6F5} = {DD3A7766-5710-4D8B-BB20-C1621F573C4C}
		{62F5E18C-ACEF-46AA-9920-2BD5318048A4} = {3E73D593-7575-4935-B77C-0871B3C9E6F5}
		{46F4B874-F5A5-48A0-BCAE-4A2256F8887E} = {3E73D593-7575-4935-B77C-0871B3C9E6F5}
		{62E9A5D8-448F-490B-B965-C3E4B068D6EF} = {71FC9C2B-EBB9-4069-8FBB-357E01A67EB2}
		{1DA45336-0E80-455B-B2E6-BEB62877A25A} = {62E9A5D8-448F-490B-B965-C3E4B068D6EF}
		{440F6A1A-15FE-4AE1-9E56-CEF3B7727F15} = {62E9A5D8-448F-490B-B965-C3E4B068D6EF}
		{9C58D47B-489C-4FE1-9D15-2F5607B13231} = {71FC9C2B-EBB9-4069-8FBB-357E01A67EB2}
		{D371B607-CA88-4305-8C28-1FFCA12BC0D9} = {69B8FC61-83F1-4201-847C-7CF4B6B9C2A0}
		{639F0ADC-AD8C-44BF-9FAA-1FBA2B4C4664} = {69B8FC61-83F1-4201-847C-7CF4B6B9C2A0}
		{69B8FC61-83F1-4201-847C-7CF4B6B9C2A0} = {9C58D47B-489C-4FE1-9D15-2F5607B13231}
		{52A18048-B7D5-4936-B26F-D93CF0CF8070} = {71FC9C2B-EBB9-4069-8FBB-357E01A67EB2}
		{7E8C85CA-9A58-40B3-A8AC-D7282C82CA21} = {52A18048-B7D5-4936-B26F-D93CF0CF8070}
		{D51171A3-0EEC-4C93-B146-6C68F71F4A72} = {52A18048-B7D5-4936-B26F-D93CF0CF8070}
		{F0FD40F9-9D67-4B80-B12B-B8901A987096} = {52A18048-B7D5-4936-B26F-D93CF0CF8070}
		{5A4FEC4B-7C2C-402D-9DA9-549BB94DD2CC} = {52A18048-B7D5-4936-B26F-D93CF0CF8070}
		{06309B48-8908-499A-9C92-BF21E9D5DDB5} = {62E9A5D8-448F-490B-B965-C3E4B068D6EF}
		{70660C20-E206-417A-91B4-2B010E9DAA9F} = {52A18048-B7D5-4936-B26F-D93CF0CF8070}
		{DE06DC86-C306-4474-9D0A-6E3CE334F6A2} = {52A18048-B7D5-4936-B26F-D93CF0CF8070}
		{6412BDE6-BDA6-46AC-9619-EA3FEB95E1D8} = {69B8FC61-83F1-4201-847C-7CF4B6B9C2A0}
		{94454BD5-BE03-4083-9FE4-AD65EBA386A3} = {71FC9C2B-EBB9-4069-8FBB-357E01A67EB2}
		{34069662-6766-45E5-BD02-7BBC154005DA} = {94454BD5-BE03-4083-9FE4-AD65EBA386A3}
		{44FC732B-411B-4D0D-B76B-F47C2015B199} = {94454BD5-BE03-4083-9FE4-AD65EBA386A3}
		{5B72FF08-AD8F-4485-8B47-3417051E4040} = {71FC9C2B-EBB9-4069-8FBB-357E01A67EB2}
		{E20329D0-028A-4486-B02B-BC4896337691} = {5B72FF08-AD8F-4485-8B47-3417051E4040}
		{A107EC8D-22DD-4090-8894-E57241D2ADFE} = {5B72FF08-AD8F-4485-8B47-3417051E4040}
		{F769364E-0827-465A-9D4A-A9B5CDF808F2} = {5B72FF08-AD8F-4485-8B47-3417051E4040}
		{8DF87F0C-00E7-445B-B48B-A40C519BB347} = {5B72FF08-AD8F-4485-8B47-3417051E4040}
	EndGlobalSection
	GlobalSection(ExtensibilityGlobals) = postSolution
		SolutionGuid = {C0FD0CE3-637A-407C-8724-2F97930B3943}
	EndGlobalSection
EndGlobal
