
Microsoft Visual Studio Solution File, Format Version 12.00
# Visual Studio Version 17
VisualStudioVersion = 17.0.31903.59
MinimumVisualStudioVersion = 10.0.40219.1
Project("{9A19103F-16F7-4668-BE54-9A1E7A4F7556}") = "TravelCompanion.Bootstrapper", "src\Bootstrapper\TravelCompanion.Bootstrapper\TravelCompanion.Bootstrapper.csproj", "{24F603FD-B86F-4C38-8365-B4CCB91AA179}"
EndProject
Project("{2150E333-8FDC-42A3-9474-1A3956D46DE8}") = "src", "src", "{DD3A7766-5710-4D8B-BB20-C1621F573C4C}"
EndProject
Project("{2150E333-8FDC-42A3-9474-1A3956D46DE8}") = "tests", "tests", "{48F081DB-B38C-4476-A7EE-A49A1193AF01}"
EndProject
Project("{2150E333-8FDC-42A3-9474-1A3956D46DE8}") = "Bootstrapper", "Bootstrapper", "{0C7671AE-F8C4-415D-9D3E-D2CA84D32305}"
EndProject
Project("{2150E333-8FDC-42A3-9474-1A3956D46DE8}") = "Modules", "Modules", "{71FC9C2B-EBB9-4069-8FBB-357E01A67EB2}"
EndProject
Project("{2150E333-8FDC-42A3-9474-1A3956D46DE8}") = "Shared", "Shared", "{3E73D593-7575-4935-B77C-0871B3C9E6F5}"
EndProject
Project("{9A19103F-16F7-4668-BE54-9A1E7A4F7556}") = "TravelCompanion.Shared.Abstractions", "src\Shared\TravelCompanion.Shared.Abstractions\TravelCompanion.Shared.Abstractions.csproj", "{62F5E18C-ACEF-46AA-9920-2BD5318048A4}"
EndProject
Project("{9A19103F-16F7-4668-BE54-9A1E7A4F7556}") = "TravelCompanion.Shared.Infrastructure", "src\Shared\TravelCompanion.Shared.Infrastructure\TravelCompanion.Shared.Infrastructure.csproj", "{46F4B874-F5A5-48A0-BCAE-4A2256F8887E}"
EndProject
Project("{2150E333-8FDC-42A3-9474-1A3956D46DE8}") = "Users", "Users", "{62E9A5D8-448F-490B-B965-C3E4B068D6EF}"
EndProject
Project("{9A19103F-16F7-4668-BE54-9A1E7A4F7556}") = "TravelCompanion.Modules.Users.Api", "src\Modules\Users\TravelCompanion.Modules.Users.Api\TravelCompanion.Modules.Users.Api.csproj", "{1DA45336-0E80-455B-B2E6-BEB62877A25A}"
EndProject
Project("{9A19103F-16F7-4668-BE54-9A1E7A4F7556}") = "TravelCompanion.Modules.Users.Core", "src\Modules\Users\TravelCompanion.Modules.Users.Core\TravelCompanion.Modules.Users.Core.csproj", "{440F6A1A-15FE-4AE1-9E56-CEF3B7727F15}"
EndProject
Project("{2150E333-8FDC-42A3-9474-1A3956D46DE8}") = "Travels", "Travels", "{9C58D47B-489C-4FE1-9D15-2F5607B13231}"
EndProject
Project("{9A19103F-16F7-4668-BE54-9A1E7A4F7556}") = "TravelCompanion.Modules.Travels.Api", "src\Modules\Travels\TravelCompanion.Modules.Travels.Api\TravelCompanion.Modules.Travels.Api.csproj", "{D371B607-CA88-4305-8C28-1FFCA12BC0D9}"
EndProject
Project("{9A19103F-16F7-4668-BE54-9A1E7A4F7556}") = "TravelCompanion.Modules.Travels.Core", "src\Modules\Travels\TravelCompanion.Modules.Travels.Core\TravelCompanion.Modules.Travels.Core.csproj", "{639F0ADC-AD8C-44BF-9FAA-1FBA2B4C4664}"
EndProject
Project("{2150E333-8FDC-42A3-9474-1A3956D46DE8}") = "Travels", "Travels", "{69B8FC61-83F1-4201-847C-7CF4B6B9C2A0}"
EndProject
Project("{2150E333-8FDC-42A3-9474-1A3956D46DE8}") = "TravelPlans", "TravelPlans", "{52A18048-B7D5-4936-B26F-D93CF0CF8070}"
EndProject
Project("{9A19103F-16F7-4668-BE54-9A1E7A4F7556}") = "TravelCompanion.Modules.TravelPlans.Domain", "src\Modules\TravelPlans\TravelCompanion.Modules.TravelPlans.Domain\TravelCompanion.Modules.TravelPlans.Domain.csproj", "{7E8C85CA-9A58-40B3-A8AC-D7282C82CA21}"
EndProject
Project("{9A19103F-16F7-4668-BE54-9A1E7A4F7556}") = "TravelCompanion.Modules.TravelPlans.Api", "src\Modules\TravelPlans\TravelCompanion.Modules.TravelPlans.Api\TravelCompanion.Modules.TravelPlans.Api.csproj", "{D51171A3-0EEC-4C93-B146-6C68F71F4A72}"
EndProject
Project("{9A19103F-16F7-4668-BE54-9A1E7A4F7556}") = "TravelCompanion.Modules.TravelPlans.Infrastructure", "src\Modules\TravelPlans\TravelCompanion.Modules.TravelPlans.Infrastructure\TravelCompanion.Modules.TravelPlans.Infrastructure.csproj", "{F0FD40F9-9D67-4B80-B12B-B8901A987096}"
EndProject
Project("{9A19103F-16F7-4668-BE54-9A1E7A4F7556}") = "TravelCompanion.Modules.TravelPlans.Application", "src\Modules\TravelPlans\TravelCompanion.Modules.TravelPlans.Application\TravelCompanion.Modules.TravelPlans.Application.csproj", "{5A4FEC4B-7C2C-402D-9DA9-549BB94DD2CC}"
EndProject
Project("{FAE04EC0-301F-11D3-BF4B-00C04F79EFBC}") = "TravelCompanion.Modules.Users.Shared", "src\Modules\Users\TravelCompanion.Modules.Users.Shared\TravelCompanion.Modules.Users.Shared.csproj", "{06309B48-8908-499A-9C92-BF21E9D5DDB5}"
EndProject
Global
	GlobalSection(SolutionConfigurationPlatforms) = preSolution
		Debug|Any CPU = Debug|Any CPU
		Release|Any CPU = Release|Any CPU
	EndGlobalSection
	GlobalSection(ProjectConfigurationPlatforms) = postSolution
		{24F603FD-B86F-4C38-8365-B4CCB91AA179}.Debug|Any CPU.ActiveCfg = Debug|Any CPU
		{24F603FD-B86F-4C38-8365-B4CCB91AA179}.Debug|Any CPU.Build.0 = Debug|Any CPU
		{24F603FD-B86F-4C38-8365-B4CCB91AA179}.Release|Any CPU.ActiveCfg = Release|Any CPU
		{24F603FD-B86F-4C38-8365-B4CCB91AA179}.Release|Any CPU.Build.0 = Release|Any CPU
		{62F5E18C-ACEF-46AA-9920-2BD5318048A4}.Debug|Any CPU.ActiveCfg = Debug|Any CPU
		{62F5E18C-ACEF-46AA-9920-2BD5318048A4}.Debug|Any CPU.Build.0 = Debug|Any CPU
		{62F5E18C-ACEF-46AA-9920-2BD5318048A4}.Release|Any CPU.ActiveCfg = Release|Any CPU
		{62F5E18C-ACEF-46AA-9920-2BD5318048A4}.Release|Any CPU.Build.0 = Release|Any CPU
		{46F4B874-F5A5-48A0-BCAE-4A2256F8887E}.Debug|Any CPU.ActiveCfg = Debug|Any CPU
		{46F4B874-F5A5-48A0-BCAE-4A2256F8887E}.Debug|Any CPU.Build.0 = Debug|Any CPU
		{46F4B874-F5A5-48A0-BCAE-4A2256F8887E}.Release|Any CPU.ActiveCfg = Release|Any CPU
		{46F4B874-F5A5-48A0-BCAE-4A2256F8887E}.Release|Any CPU.Build.0 = Release|Any CPU
		{1DA45336-0E80-455B-B2E6-BEB62877A25A}.Debug|Any CPU.ActiveCfg = Debug|Any CPU
		{1DA45336-0E80-455B-B2E6-BEB62877A25A}.Debug|Any CPU.Build.0 = Debug|Any CPU
		{1DA45336-0E80-455B-B2E6-BEB62877A25A}.Release|Any CPU.ActiveCfg = Release|Any CPU
		{1DA45336-0E80-455B-B2E6-BEB62877A25A}.Release|Any CPU.Build.0 = Release|Any CPU
		{440F6A1A-15FE-4AE1-9E56-CEF3B7727F15}.Debug|Any CPU.ActiveCfg = Debug|Any CPU
		{440F6A1A-15FE-4AE1-9E56-CEF3B7727F15}.Debug|Any CPU.Build.0 = Debug|Any CPU
		{440F6A1A-15FE-4AE1-9E56-CEF3B7727F15}.Release|Any CPU.ActiveCfg = Release|Any CPU
		{440F6A1A-15FE-4AE1-9E56-CEF3B7727F15}.Release|Any CPU.Build.0 = Release|Any CPU
		{D371B607-CA88-4305-8C28-1FFCA12BC0D9}.Debug|Any CPU.ActiveCfg = Debug|Any CPU
		{D371B607-CA88-4305-8C28-1FFCA12BC0D9}.Debug|Any CPU.Build.0 = Debug|Any CPU
		{D371B607-CA88-4305-8C28-1FFCA12BC0D9}.Release|Any CPU.ActiveCfg = Release|Any CPU
		{D371B607-CA88-4305-8C28-1FFCA12BC0D9}.Release|Any CPU.Build.0 = Release|Any CPU
		{639F0ADC-AD8C-44BF-9FAA-1FBA2B4C4664}.Debug|Any CPU.ActiveCfg = Debug|Any CPU
		{639F0ADC-AD8C-44BF-9FAA-1FBA2B4C4664}.Debug|Any CPU.Build.0 = Debug|Any CPU
		{639F0ADC-AD8C-44BF-9FAA-1FBA2B4C4664}.Release|Any CPU.ActiveCfg = Release|Any CPU
		{639F0ADC-AD8C-44BF-9FAA-1FBA2B4C4664}.Release|Any CPU.Build.0 = Release|Any CPU
		{7E8C85CA-9A58-40B3-A8AC-D7282C82CA21}.Debug|Any CPU.ActiveCfg = Debug|Any CPU
		{7E8C85CA-9A58-40B3-A8AC-D7282C82CA21}.Debug|Any CPU.Build.0 = Debug|Any CPU
		{7E8C85CA-9A58-40B3-A8AC-D7282C82CA21}.Release|Any CPU.ActiveCfg = Release|Any CPU
		{7E8C85CA-9A58-40B3-A8AC-D7282C82CA21}.Release|Any CPU.Build.0 = Release|Any CPU
		{D51171A3-0EEC-4C93-B146-6C68F71F4A72}.Debug|Any CPU.ActiveCfg = Debug|Any CPU
		{D51171A3-0EEC-4C93-B146-6C68F71F4A72}.Debug|Any CPU.Build.0 = Debug|Any CPU
		{D51171A3-0EEC-4C93-B146-6C68F71F4A72}.Release|Any CPU.ActiveCfg = Release|Any CPU
		{D51171A3-0EEC-4C93-B146-6C68F71F4A72}.Release|Any CPU.Build.0 = Release|Any CPU
		{F0FD40F9-9D67-4B80-B12B-B8901A987096}.Debug|Any CPU.ActiveCfg = Debug|Any CPU
		{F0FD40F9-9D67-4B80-B12B-B8901A987096}.Debug|Any CPU.Build.0 = Debug|Any CPU
		{F0FD40F9-9D67-4B80-B12B-B8901A987096}.Release|Any CPU.ActiveCfg = Release|Any CPU
		{F0FD40F9-9D67-4B80-B12B-B8901A987096}.Release|Any CPU.Build.0 = Release|Any CPU
		{5A4FEC4B-7C2C-402D-9DA9-549BB94DD2CC}.Debug|Any CPU.ActiveCfg = Debug|Any CPU
		{5A4FEC4B-7C2C-402D-9DA9-549BB94DD2CC}.Debug|Any CPU.Build.0 = Debug|Any CPU
		{5A4FEC4B-7C2C-402D-9DA9-549BB94DD2CC}.Release|Any CPU.ActiveCfg = Release|Any CPU
		{5A4FEC4B-7C2C-402D-9DA9-549BB94DD2CC}.Release|Any CPU.Build.0 = Release|Any CPU
		{06309B48-8908-499A-9C92-BF21E9D5DDB5}.Debug|Any CPU.ActiveCfg = Debug|Any CPU
		{06309B48-8908-499A-9C92-BF21E9D5DDB5}.Debug|Any CPU.Build.0 = Debug|Any CPU
		{06309B48-8908-499A-9C92-BF21E9D5DDB5}.Release|Any CPU.ActiveCfg = Release|Any CPU
		{06309B48-8908-499A-9C92-BF21E9D5DDB5}.Release|Any CPU.Build.0 = Release|Any CPU
	EndGlobalSection
	GlobalSection(SolutionProperties) = preSolution
		HideSolutionNode = FALSE
	EndGlobalSection
	GlobalSection(NestedProjects) = preSolution
		{24F603FD-B86F-4C38-8365-B4CCB91AA179} = {0C7671AE-F8C4-415D-9D3E-D2CA84D32305}
		{0C7671AE-F8C4-415D-9D3E-D2CA84D32305} = {DD3A7766-5710-4D8B-BB20-C1621F573C4C}
		{71FC9C2B-EBB9-4069-8FBB-357E01A67EB2} = {DD3A7766-5710-4D8B-BB20-C1621F573C4C}
		{3E73D593-7575-4935-B77C-0871B3C9E6F5} = {DD3A7766-5710-4D8B-BB20-C1621F573C4C}
		{62F5E18C-ACEF-46AA-9920-2BD5318048A4} = {3E73D593-7575-4935-B77C-0871B3C9E6F5}
		{46F4B874-F5A5-48A0-BCAE-4A2256F8887E} = {3E73D593-7575-4935-B77C-0871B3C9E6F5}
		{62E9A5D8-448F-490B-B965-C3E4B068D6EF} = {71FC9C2B-EBB9-4069-8FBB-357E01A67EB2}
		{1DA45336-0E80-455B-B2E6-BEB62877A25A} = {62E9A5D8-448F-490B-B965-C3E4B068D6EF}
		{440F6A1A-15FE-4AE1-9E56-CEF3B7727F15} = {62E9A5D8-448F-490B-B965-C3E4B068D6EF}
		{9C58D47B-489C-4FE1-9D15-2F5607B13231} = {71FC9C2B-EBB9-4069-8FBB-357E01A67EB2}
		{D371B607-CA88-4305-8C28-1FFCA12BC0D9} = {69B8FC61-83F1-4201-847C-7CF4B6B9C2A0}
		{639F0ADC-AD8C-44BF-9FAA-1FBA2B4C4664} = {69B8FC61-83F1-4201-847C-7CF4B6B9C2A0}
		{69B8FC61-83F1-4201-847C-7CF4B6B9C2A0} = {9C58D47B-489C-4FE1-9D15-2F5607B13231}
		{52A18048-B7D5-4936-B26F-D93CF0CF8070} = {71FC9C2B-EBB9-4069-8FBB-357E01A67EB2}
		{7E8C85CA-9A58-40B3-A8AC-D7282C82CA21} = {52A18048-B7D5-4936-B26F-D93CF0CF8070}
		{D51171A3-0EEC-4C93-B146-6C68F71F4A72} = {52A18048-B7D5-4936-B26F-D93CF0CF8070}
		{F0FD40F9-9D67-4B80-B12B-B8901A987096} = {52A18048-B7D5-4936-B26F-D93CF0CF8070}
		{5A4FEC4B-7C2C-402D-9DA9-549BB94DD2CC} = {52A18048-B7D5-4936-B26F-D93CF0CF8070}
		{06309B48-8908-499A-9C92-BF21E9D5DDB5} = {62E9A5D8-448F-490B-B965-C3E4B068D6EF}
	EndGlobalSection
	GlobalSection(ExtensibilityGlobals) = postSolution
		SolutionGuid = {C0FD0CE3-637A-407C-8724-2F97930B3943}
	EndGlobalSection
EndGlobal
